
Microsoft Visual Studio Solution File, Format Version 12.00
# Visual Studio 15
Project("{FAE04EC0-301F-11D3-BF4B-00C04F79EFBC}") = "Mineraft", "Mineraft\Mineraft.csproj", "{8B475F13-FB03-4DFB-94C0-1772F48DF21F}"
EndProject
Project("{FAE04EC0-301F-11D3-BF4B-00C04F79EFBC}") = "Mineraft.Tests", "Mineraft.Tests\Mineraft.Tests.csproj", "{C57078BF-E480-4025-B1C1-5CF1F3AC1405}"
EndProject
Project("{FAE04EC0-301F-11D3-BF4B-00C04F79EFBC}") = "Mineraft.Business", "Mineraft.Business\Mineraft.Business.csproj", "{53E0F093-0B65-4B1C-B9CC-9DF7FB8CA29A}"
EndProject
Project("{2150E333-8FDC-42A3-9474-1A3956D46DE8}") = "Solution Items", "Solution Items", "{27E24254-10B1-476E-B08D-18A65EEC03AD}"
	ProjectSection(SolutionItems) = preProject
		..\docs\README.md = ..\docs\README.md
	EndProjectSection
EndProject
Global
	GlobalSection(SolutionConfigurationPlatforms) = preSolution
		Debug|Any CPU = Debug|Any CPU
		Release|Any CPU = Release|Any CPU
	EndGlobalSection
	GlobalSection(ProjectConfigurationPlatforms) = postSolution
		{8B475F13-FB03-4DFB-94C0-1772F48DF21F}.Debug|Any CPU.ActiveCfg = Debug|Any CPU
		{8B475F13-FB03-4DFB-94C0-1772F48DF21F}.Debug|Any CPU.Build.0 = Debug|Any CPU
		{8B475F13-FB03-4DFB-94C0-1772F48DF21F}.Release|Any CPU.ActiveCfg = Release|Any CPU
		{8B475F13-FB03-4DFB-94C0-1772F48DF21F}.Release|Any CPU.Build.0 = Release|Any CPU
		{C57078BF-E480-4025-B1C1-5CF1F3AC1405}.Debug|Any CPU.ActiveCfg = Debug|Any CPU
		{C57078BF-E480-4025-B1C1-5CF1F3AC1405}.Debug|Any CPU.Build.0 = Debug|Any CPU
		{C57078BF-E480-4025-B1C1-5CF1F3AC1405}.Release|Any CPU.ActiveCfg = Release|Any CPU
		{C57078BF-E480-4025-B1C1-5CF1F3AC1405}.Release|Any CPU.Build.0 = Release|Any CPU
		{53E0F093-0B65-4B1C-B9CC-9DF7FB8CA29A}.Debug|Any CPU.ActiveCfg = Debug|Any CPU
		{53E0F093-0B65-4B1C-B9CC-9DF7FB8CA29A}.Debug|Any CPU.Build.0 = Debug|Any CPU
		{53E0F093-0B65-4B1C-B9CC-9DF7FB8CA29A}.Release|Any CPU.ActiveCfg = Release|Any CPU
		{53E0F093-0B65-4B1C-B9CC-9DF7FB8CA29A}.Release|Any CPU.Build.0 = Release|Any CPU
	EndGlobalSection
EndGlobal
